
Microsoft Visual Studio Solution File, Format Version 12.00
# Visual Studio Version 17
VisualStudioVersion = 17.13.35913.81 d17.13
MinimumVisualStudioVersion = 10.0.40219.1
Project("{FAE04EC0-301F-11D3-BF4B-00C04F79EFBC}") = "BrightnessApp", "BrightnessApp.csproj", "{78A576BE-E362-4112-A69F-40CF86CC5CE7}"
EndProject
Global
	GlobalSection(SolutionConfigurationPlatforms) = preSolution
		Debug|Any CPU = Debug|Any CPU
		Release|Any CPU = Release|Any CPU
	EndGlobalSection
	GlobalSection(ProjectConfigurationPlatforms) = postSolution
		{78A576BE-E362-4112-A69F-40CF86CC5CE7}.Debug|Any CPU.ActiveCfg = Debug|Any CPU
		{78A576BE-E362-4112-A69F-40CF86CC5CE7}.Debug|Any CPU.Build.0 = Debug|Any CPU
		{78A576BE-E362-4112-A69F-40CF86CC5CE7}.Release|Any CPU.ActiveCfg = Release|Any CPU
		{78A576BE-E362-4112-A69F-40CF86CC5CE7}.Release|Any CPU.Build.0 = Release|Any CPU
	EndGlobalSection
	GlobalSection(SolutionProperties) = preSolution
		HideSolutionNode = FALSE
	EndGlobalSection
	GlobalSection(ExtensibilityGlobals) = postSolution
		SolutionGuid = {25FDDFCC-74FC-432D-964E-9500E063B6E2}
	EndGlobalSection
EndGlobal
